
Microsoft Visual Studio Solution File, Format Version 12.00
# Visual Studio Version 17
VisualStudioVersion = 17.0.31903.59
MinimumVisualStudioVersion = 10.0.40219.1
Project("{FAE04EC0-301F-11D3-BF4B-00C04F79EFBC}") = "Learning", "Learning\Learning.csproj", "{573045F3-6F2E-40BE-8DB5-71002A69E7B9}"
EndProject
Project("{2150E333-8FDC-42A3-9474-1A3956D46DE8}") = "WebAPI", "WebAPI", "{6EDC7094-E22D-CF10-605B-B42C7FB8B0A8}"
EndProject
Project("{FAE04EC0-301F-11D3-BF4B-00C04F79EFBC}") = "MyNewAPP", "WebAPI\MyNewAPP\MyNewAPP.csproj", "{2B450F24-F981-468C-8D6F-2A00B1121112}"
EndProject
Project("{2150E333-8FDC-42A3-9474-1A3956D46DE8}") = "RazorPages", "RazorPages", "{0CC8BD27-52C0-28F1-0E36-52635884747A}"
EndProject
Project("{FAE04EC0-301F-11D3-BF4B-00C04F79EFBC}") = "RazorPagesMovie", "RazorPages\RazorPagesMovie\RazorPagesMovie.csproj", "{8C9DE7CB-622C-4EFC-AF02-60B648241D42}"
EndProject
Global
	GlobalSection(SolutionConfigurationPlatforms) = preSolution
		Debug|Any CPU = Debug|Any CPU
		Debug|x64 = Debug|x64
		Debug|x86 = Debug|x86
		Release|Any CPU = Release|Any CPU
		Release|x64 = Release|x64
		Release|x86 = Release|x86
	EndGlobalSection
	GlobalSection(ProjectConfigurationPlatforms) = postSolution
		{573045F3-6F2E-40BE-8DB5-71002A69E7B9}.Debug|Any CPU.ActiveCfg = Debug|Any CPU
		{573045F3-6F2E-40BE-8DB5-71002A69E7B9}.Debug|Any CPU.Build.0 = Debug|Any CPU
		{573045F3-6F2E-40BE-8DB5-71002A69E7B9}.Debug|x64.ActiveCfg = Debug|Any CPU
		{573045F3-6F2E-40BE-8DB5-71002A69E7B9}.Debug|x64.Build.0 = Debug|Any CPU
		{573045F3-6F2E-40BE-8DB5-71002A69E7B9}.Debug|x86.ActiveCfg = Debug|Any CPU
		{573045F3-6F2E-40BE-8DB5-71002A69E7B9}.Debug|x86.Build.0 = Debug|Any CPU
		{573045F3-6F2E-40BE-8DB5-71002A69E7B9}.Release|Any CPU.ActiveCfg = Release|Any CPU
		{573045F3-6F2E-40BE-8DB5-71002A69E7B9}.Release|Any CPU.Build.0 = Release|Any CPU
		{573045F3-6F2E-40BE-8DB5-71002A69E7B9}.Release|x64.ActiveCfg = Release|Any CPU
		{573045F3-6F2E-40BE-8DB5-71002A69E7B9}.Release|x64.Build.0 = Release|Any CPU
		{573045F3-6F2E-40BE-8DB5-71002A69E7B9}.Release|x86.ActiveCfg = Release|Any CPU
		{573045F3-6F2E-40BE-8DB5-71002A69E7B9}.Release|x86.Build.0 = Release|Any CPU
		{2B450F24-F981-468C-8D6F-2A00B1121112}.Debug|Any CPU.ActiveCfg = Debug|Any CPU
		{2B450F24-F981-468C-8D6F-2A00B1121112}.Debug|Any CPU.Build.0 = Debug|Any CPU
		{2B450F24-F981-468C-8D6F-2A00B1121112}.Debug|x64.ActiveCfg = Debug|Any CPU
		{2B450F24-F981-468C-8D6F-2A00B1121112}.Debug|x64.Build.0 = Debug|Any CPU
		{2B450F24-F981-468C-8D6F-2A00B1121112}.Debug|x86.ActiveCfg = Debug|Any CPU
		{2B450F24-F981-468C-8D6F-2A00B1121112}.Debug|x86.Build.0 = Debug|Any CPU
		{2B450F24-F981-468C-8D6F-2A00B1121112}.Release|Any CPU.ActiveCfg = Release|Any CPU
		{2B450F24-F981-468C-8D6F-2A00B1121112}.Release|Any CPU.Build.0 = Release|Any CPU
		{2B450F24-F981-468C-8D6F-2A00B1121112}.Release|x64.ActiveCfg = Release|Any CPU
		{2B450F24-F981-468C-8D6F-2A00B1121112}.Release|x64.Build.0 = Release|Any CPU
		{2B450F24-F981-468C-8D6F-2A00B1121112}.Release|x86.ActiveCfg = Release|Any CPU
		{2B450F24-F981-468C-8D6F-2A00B1121112}.Release|x86.Build.0 = Release|Any CPU
		{8C9DE7CB-622C-4EFC-AF02-60B648241D42}.Debug|Any CPU.ActiveCfg = Debug|Any CPU
		{8C9DE7CB-622C-4EFC-AF02-60B648241D42}.Debug|Any CPU.Build.0 = Debug|Any CPU
		{8C9DE7CB-622C-4EFC-AF02-60B648241D42}.Debug|x64.ActiveCfg = Debug|Any CPU
		{8C9DE7CB-622C-4EFC-AF02-60B648241D42}.Debug|x64.Build.0 = Debug|Any CPU
		{8C9DE7CB-622C-4EFC-AF02-60B648241D42}.Debug|x86.ActiveCfg = Debug|Any CPU
		{8C9DE7CB-622C-4EFC-AF02-60B648241D42}.Debug|x86.Build.0 = Debug|Any CPU
		{8C9DE7CB-622C-4EFC-AF02-60B648241D42}.Release|Any CPU.ActiveCfg = Release|Any CPU
		{8C9DE7CB-622C-4EFC-AF02-60B648241D42}.Release|Any CPU.Build.0 = Release|Any CPU
		{8C9DE7CB-622C-4EFC-AF02-60B648241D42}.Release|x64.ActiveCfg = Release|Any CPU
		{8C9DE7CB-622C-4EFC-AF02-60B648241D42}.Release|x64.Build.0 = Release|Any CPU
		{8C9DE7CB-622C-4EFC-AF02-60B648241D42}.Release|x86.ActiveCfg = Release|Any CPU
		{8C9DE7CB-622C-4EFC-AF02-60B648241D42}.Release|x86.Build.0 = Release|Any CPU
	EndGlobalSection
	GlobalSection(SolutionProperties) = preSolution
		HideSolutionNode = FALSE
	EndGlobalSection
	GlobalSection(NestedProjects) = preSolution
		{2B450F24-F981-468C-8D6F-2A00B1121112} = {6EDC7094-E22D-CF10-605B-B42C7FB8B0A8}
		{8C9DE7CB-622C-4EFC-AF02-60B648241D42} = {0CC8BD27-52C0-28F1-0E36-52635884747A}
	EndGlobalSection
EndGlobal
